# Generated by pub
# See http://pub.dartlang.org/doc/glossary.html#lockfile
packages:
  args:
    description:
      name: args
      url: "https://pub.dartlang.org"
    source: hosted
    version: "0.13.7"
  async:
    description:
      name: async
      url: "https://pub.dartlang.org"
    source: hosted
    version: "2.0.1"
  charcode:
    description:
      name: charcode
      url: "https://pub.dartlang.org"
    source: hosted
    version: "1.1.1"
  collection:
    description:
      name: collection
      url: "https://pub.dartlang.org"
    source: hosted
    version: "1.14.6"
  convert:
    description:
      name: convert
      url: "https://pub.dartlang.org"
    source: hosted
    version: "2.0.1"
  coverage:
    description:
      name: coverage
      url: "https://pub.dartlang.org"
    source: hosted
    version: "0.9.3"
  crypto:
    description:
      name: crypto
      url: "https://pub.dartlang.org"
    source: hosted
    version: "2.0.2+1"
  dependency_validator:
    description:
      path: "../.."
      relative: true
    source: path
    version: "1.1.2"
  json_rpc_2:
    description:
      name: json_rpc_2
      url: "https://pub.dartlang.org"
    source: hosted
    version: "2.0.7"
  logging:
    description:
      name: logging
      url: "https://pub.dartlang.org"
    source: hosted
    version: "0.11.3+1"
  package_config:
    description:
      name: package_config
      url: "https://pub.dartlang.org"
    source: hosted
    version: "1.0.3"
  path:
    description:
      name: path
      url: "https://pub.dartlang.org"
    source: hosted
    version: "1.5.1"
  pub_semver:
    description:
      name: pub_semver
      url: "https://pub.dartlang.org"
    source: hosted
    version: "1.4.1"
  source_span:
    description:
      name: source_span
      url: "https://pub.dartlang.org"
    source: hosted
    version: "1.4.0"
  stack_trace:
    description:
      name: stack_trace
      url: "https://pub.dartlang.org"
    source: hosted
    version: "1.9.2"
  stream_channel:
    description:
      name: stream_channel
      url: "https://pub.dartlang.org"
    source: hosted
    version: "1.6.6"
  string_scanner:
    description:
      name: string_scanner
      url: "https://pub.dartlang.org"
    source: hosted
    version: "1.0.2"
  typed_data:
    description:
      name: typed_data
      url: "https://pub.dartlang.org"
    source: hosted
    version: "1.1.5"
  vm_service_client:
    description:
      name: vm_service_client
      url: "https://pub.dartlang.org"
    source: hosted
    version: "0.2.4"
  web_socket_channel:
    description:
      name: web_socket_channel
      url: "https://pub.dartlang.org"
    source: hosted
    version: "1.0.6"
  yaml:
    description:
      name: yaml
      url: "https://pub.dartlang.org"
    source: hosted
    version: "2.1.13"
sdks:
  dart: ">=1.24.2 <2.0.0"
